
Microsoft Visual Studio Solution File, Format Version 12.00
# Visual Studio Version 16
VisualStudioVersion = 16.0.31019.35
MinimumVisualStudioVersion = 10.0.40219.1
Project("{9A19103F-16F7-4668-BE54-9A1E7A4F7556}") = "AlphaShop", "AlphaShop.csproj", "{FC1D335E-D8AC-450B-9759-BFDA99729CE0}"
EndProject
Project("{FAE04EC0-301F-11D3-BF4B-00C04F79EFBC}") = "AlphaShopWebApp", "..\AlphaShopWebApp\AlphaShopWebApp.csproj", "{0D73D56C-8F4F-417A-BFA6-87AC28018F1C}"
EndProject
Global
	GlobalSection(SolutionConfigurationPlatforms) = preSolution
		Debug|Any CPU = Debug|Any CPU
		Release|Any CPU = Release|Any CPU
	EndGlobalSection
	GlobalSection(ProjectConfigurationPlatforms) = postSolution
		{FC1D335E-D8AC-450B-9759-BFDA99729CE0}.Debug|Any CPU.ActiveCfg = Debug|Any CPU
		{FC1D335E-D8AC-450B-9759-BFDA99729CE0}.Debug|Any CPU.Build.0 = Debug|Any CPU
		{FC1D335E-D8AC-450B-9759-BFDA99729CE0}.Release|Any CPU.ActiveCfg = Release|Any CPU
		{FC1D335E-D8AC-450B-9759-BFDA99729CE0}.Release|Any CPU.Build.0 = Release|Any CPU
		{0D73D56C-8F4F-417A-BFA6-87AC28018F1C}.Debug|Any CPU.ActiveCfg = Debug|Any CPU
		{0D73D56C-8F4F-417A-BFA6-87AC28018F1C}.Debug|Any CPU.Build.0 = Debug|Any CPU
		{0D73D56C-8F4F-417A-BFA6-87AC28018F1C}.Release|Any CPU.ActiveCfg = Release|Any CPU
		{0D73D56C-8F4F-417A-BFA6-87AC28018F1C}.Release|Any CPU.Build.0 = Release|Any CPU
	EndGlobalSection
	GlobalSection(SolutionProperties) = preSolution
		HideSolutionNode = FALSE
	EndGlobalSection
	GlobalSection(ExtensibilityGlobals) = postSolution
		SolutionGuid = {8E7241A0-0D6F-46F2-984D-5CAA0B5EB973}
	EndGlobalSection
EndGlobal
